// !$*UTF8*$!
{
	archiveVersion = 1;
	classes = {
	};
	objectVersion = 56;
	objects = {

/* Begin PBXBuildFile section */
		093160CD2CF6E6650074CDB7 /* WidgetKit.framework in Frameworks */ = {isa = PBXBuildFile; fileRef = 0966B13D2CE71A8700C38430 /* WidgetKit.framework */; };
		093160CE2CF6E6650074CDB7 /* SwiftUI.framework in Frameworks */ = {isa = PBXBuildFile; fileRef = 0966B13F2CE71A8700C38430 /* SwiftUI.framework */; };
		093160D12CF6E6650074CDB7 /* DearDayListWidgetBundle.swift in Sources */ = {isa = PBXBuildFile; fileRef = 093160D02CF6E6650074CDB7 /* DearDayListWidgetBundle.swift */; };
		093160D32CF6E6650074CDB7 /* DearDayListWidget.swift in Sources */ = {isa = PBXBuildFile; fileRef = 093160D22CF6E6650074CDB7 /* DearDayListWidget.swift */; };
		093160D52CF6E6650074CDB7 /* AppIntent.swift in Sources */ = {isa = PBXBuildFile; fileRef = 093160D42CF6E6650074CDB7 /* AppIntent.swift */; };
		093160D72CF6E6650074CDB7 /* Assets.xcassets in Resources */ = {isa = PBXBuildFile; fileRef = 093160D62CF6E6650074CDB7 /* Assets.xcassets */; };
		093160DB2CF6E6650074CDB7 /* DearDayListWidgetExtension.appex in Embed Foundation Extensions */ = {isa = PBXBuildFile; fileRef = 093160CC2CF6E6650074CDB7 /* DearDayListWidgetExtension.appex */; settings = {ATTRIBUTES = (RemoveHeadersOnCopy, ); }; };
		093160E02CF6E6840074CDB7 /* Realm in Frameworks */ = {isa = PBXBuildFile; productRef = 093160DF2CF6E6840074CDB7 /* Realm */; };
		093160E22CF6E6840074CDB7 /* RealmSwift in Frameworks */ = {isa = PBXBuildFile; productRef = 093160E12CF6E6840074CDB7 /* RealmSwift */; };
		093160E42CF6E72C0074CDB7 /* DateFormatterManager.swift in Sources */ = {isa = PBXBuildFile; fileRef = 09F38C992CBE3EC400F824D7 /* DateFormatterManager.swift */; };
		093160E52CF6E72F0074CDB7 /* ImageDocumentManager.swift in Sources */ = {isa = PBXBuildFile; fileRef = 095B58EA2CD35E3F00EC3531 /* ImageDocumentManager.swift */; };
		093160E72CF6E7340074CDB7 /* RealmConfiguration.swift in Sources */ = {isa = PBXBuildFile; fileRef = 0966B15D2CE72EA900C38430 /* RealmConfiguration.swift */; };
		093160E82CF6E7360074CDB7 /* DDayRepository.swift in Sources */ = {isa = PBXBuildFile; fileRef = 095B58E62CD35A0C00EC3531 /* DDayRepository.swift */; };
		093160E92CF6E7380074CDB7 /* APIKey.swift in Sources */ = {isa = PBXBuildFile; fileRef = 09F38CB02CBFBA7B00F824D7 /* APIKey.swift */; };
		093160EA2CF6E73A0074CDB7 /* APIService.swift in Sources */ = {isa = PBXBuildFile; fileRef = 09F38CB62CBFC20600F824D7 /* APIService.swift */; };
		093160EB2CF6E73C0074CDB7 /* SolarDataItem.swift in Sources */ = {isa = PBXBuildFile; fileRef = 09F38CB22CBFBF2700F824D7 /* SolarDataItem.swift */; };
		093160EC2CF6E73E0074CDB7 /* SolarDateXMLParser.swift in Sources */ = {isa = PBXBuildFile; fileRef = 09F38CB42CBFBF3500F824D7 /* SolarDateXMLParser.swift */; };
		093160ED2CF6E7410074CDB7 /* DDay.swift in Sources */ = {isa = PBXBuildFile; fileRef = 095B58E42CD3556000EC3531 /* DDay.swift */; };
		093160EE2CF6E7450074CDB7 /* DDayRepositoryProtocol.swift in Sources */ = {isa = PBXBuildFile; fileRef = 0966B1752CEF5E9300C38430 /* DDayRepositoryProtocol.swift */; };
		093160EF2CF6E7470074CDB7 /* APIServiceProtocol.swift in Sources */ = {isa = PBXBuildFile; fileRef = 0966B1772CEF5E9F00C38430 /* APIServiceProtocol.swift */; };
		093160F12CF6E94A0074CDB7 /* AppIntent.swift in Sources */ = {isa = PBXBuildFile; fileRef = 093160F02CF6E94A0074CDB7 /* AppIntent.swift */; };
		093160F82CF846B90074CDB7 /* RowStyleViewModifier.swift in Sources */ = {isa = PBXBuildFile; fileRef = 093160F72CF846B90074CDB7 /* RowStyleViewModifier.swift */; };
		093160FA2CF847E30074CDB7 /* MainStyleViewModifier.swift in Sources */ = {isa = PBXBuildFile; fileRef = 093160F92CF847E30074CDB7 /* MainStyleViewModifier.swift */; };
		093160FB2CF84C7D0074CDB7 /* MainStyleViewModifier.swift in Sources */ = {isa = PBXBuildFile; fileRef = 093160F92CF847E30074CDB7 /* MainStyleViewModifier.swift */; };
		093160FC2CF84C7E0074CDB7 /* MainStyleViewModifier.swift in Sources */ = {isa = PBXBuildFile; fileRef = 093160F92CF847E30074CDB7 /* MainStyleViewModifier.swift */; };
		093160FD2CF84C7F0074CDB7 /* RowStyleViewModifier.swift in Sources */ = {isa = PBXBuildFile; fileRef = 093160F72CF846B90074CDB7 /* RowStyleViewModifier.swift */; };
		093160FE2CF84C800074CDB7 /* RowStyleViewModifier.swift in Sources */ = {isa = PBXBuildFile; fileRef = 093160F72CF846B90074CDB7 /* RowStyleViewModifier.swift */; };
		093161002CF84DF20074CDB7 /* FormStyleViewModifier.swift in Sources */ = {isa = PBXBuildFile; fileRef = 093160FF2CF84DF20074CDB7 /* FormStyleViewModifier.swift */; };
		094664232DCA7735004A8105 /* AppGroupID.swift in Sources */ = {isa = PBXBuildFile; fileRef = 094664222DCA7735004A8105 /* AppGroupID.swift */; };
		094664242DCA77BC004A8105 /* AppGroupID.swift in Sources */ = {isa = PBXBuildFile; fileRef = 094664222DCA7735004A8105 /* AppGroupID.swift */; };
		094664252DCA77BC004A8105 /* AppGroupID.swift in Sources */ = {isa = PBXBuildFile; fileRef = 094664222DCA7735004A8105 /* AppGroupID.swift */; };
		094664262DCA77BC004A8105 /* AppGroupID.swift in Sources */ = {isa = PBXBuildFile; fileRef = 094664222DCA7735004A8105 /* AppGroupID.swift */; };
		094664292DCA787B004A8105 /* DDayAppGroupStorage.swift in Sources */ = {isa = PBXBuildFile; fileRef = 094664282DCA787B004A8105 /* DDayAppGroupStorage.swift */; };
		0946642A2DCA78A6004A8105 /* DDayAppGroupStorage.swift in Sources */ = {isa = PBXBuildFile; fileRef = 094664282DCA787B004A8105 /* DDayAppGroupStorage.swift */; };
		0946642B2DCA78A6004A8105 /* DDayAppGroupStorage.swift in Sources */ = {isa = PBXBuildFile; fileRef = 094664282DCA787B004A8105 /* DDayAppGroupStorage.swift */; };
		0946642C2DCA78A6004A8105 /* DDayAppGroupStorage.swift in Sources */ = {isa = PBXBuildFile; fileRef = 094664282DCA787B004A8105 /* DDayAppGroupStorage.swift */; };
		095B58DB2CD2346600EC3531 /* AddDDayView.swift in Sources */ = {isa = PBXBuildFile; fileRef = 095B58DA2CD2346600EC3531 /* AddDDayView.swift */; };
		095B58DD2CD2433C00EC3531 /* SelectDDayTypeAlertView.swift in Sources */ = {isa = PBXBuildFile; fileRef = 095B58DC2CD2433C00EC3531 /* SelectDDayTypeAlertView.swift */; };
		095B58E12CD3550000EC3531 /* Realm in Frameworks */ = {isa = PBXBuildFile; productRef = 095B58E02CD3550000EC3531 /* Realm */; };
		095B58E32CD3550000EC3531 /* RealmSwift in Frameworks */ = {isa = PBXBuildFile; productRef = 095B58E22CD3550000EC3531 /* RealmSwift */; };
		095B58E52CD3556000EC3531 /* DDay.swift in Sources */ = {isa = PBXBuildFile; fileRef = 095B58E42CD3556000EC3531 /* DDay.swift */; };
		095B58E72CD35A0C00EC3531 /* DDayRepository.swift in Sources */ = {isa = PBXBuildFile; fileRef = 095B58E62CD35A0C00EC3531 /* DDayRepository.swift */; };
		095B58EB2CD35E3F00EC3531 /* ImageDocumentManager.swift in Sources */ = {isa = PBXBuildFile; fileRef = 095B58EA2CD35E3F00EC3531 /* ImageDocumentManager.swift */; };
		095B58F32CD8AEBB00EC3531 /* EditDDayView.swift in Sources */ = {isa = PBXBuildFile; fileRef = 095B58F22CD8AEBB00EC3531 /* EditDDayView.swift */; };
		095B59052CE2100900EC3531 /* String+Extension.swift in Sources */ = {isa = PBXBuildFile; fileRef = 095B59042CE2100900EC3531 /* String+Extension.swift */; };
		095B59092CE3214E00EC3531 /* NotificationManager.swift in Sources */ = {isa = PBXBuildFile; fileRef = 095B59082CE3214E00EC3531 /* NotificationManager.swift */; };
		0966B13E2CE71A8700C38430 /* WidgetKit.framework in Frameworks */ = {isa = PBXBuildFile; fileRef = 0966B13D2CE71A8700C38430 /* WidgetKit.framework */; };
		0966B1402CE71A8700C38430 /* SwiftUI.framework in Frameworks */ = {isa = PBXBuildFile; fileRef = 0966B13F2CE71A8700C38430 /* SwiftUI.framework */; };
		0966B1432CE71A8700C38430 /* DearDayWidgetBundle.swift in Sources */ = {isa = PBXBuildFile; fileRef = 0966B1422CE71A8700C38430 /* DearDayWidgetBundle.swift */; };
		0966B1452CE71A8700C38430 /* DearDayWidget.swift in Sources */ = {isa = PBXBuildFile; fileRef = 0966B1442CE71A8700C38430 /* DearDayWidget.swift */; };
		0966B1472CE71A8800C38430 /* Assets.xcassets in Resources */ = {isa = PBXBuildFile; fileRef = 0966B1462CE71A8800C38430 /* Assets.xcassets */; };
		0966B14B2CE71A8800C38430 /* DearDayWidgetExtension.appex in Embed Foundation Extensions */ = {isa = PBXBuildFile; fileRef = 0966B13B2CE71A8700C38430 /* DearDayWidgetExtension.appex */; settings = {ATTRIBUTES = (RemoveHeadersOnCopy, ); }; };
		0966B1512CE720DE00C38430 /* Realm in Frameworks */ = {isa = PBXBuildFile; productRef = 0966B1502CE720DE00C38430 /* Realm */; };
		0966B1532CE720DE00C38430 /* RealmSwift in Frameworks */ = {isa = PBXBuildFile; productRef = 0966B1522CE720DE00C38430 /* RealmSwift */; };
		0966B1552CE7216B00C38430 /* DDay.swift in Sources */ = {isa = PBXBuildFile; fileRef = 095B58E42CD3556000EC3531 /* DDay.swift */; };
		0966B1592CE7287E00C38430 /* DDayRepository.swift in Sources */ = {isa = PBXBuildFile; fileRef = 095B58E62CD35A0C00EC3531 /* DDayRepository.swift */; };
		0966B15E2CE72EA900C38430 /* RealmConfiguration.swift in Sources */ = {isa = PBXBuildFile; fileRef = 0966B15D2CE72EA900C38430 /* RealmConfiguration.swift */; };
		0966B15F2CE72EFA00C38430 /* RealmConfiguration.swift in Sources */ = {isa = PBXBuildFile; fileRef = 0966B15D2CE72EA900C38430 /* RealmConfiguration.swift */; };
		0966B1632CE7344200C38430 /* APIKey.swift in Sources */ = {isa = PBXBuildFile; fileRef = 09F38CB02CBFBA7B00F824D7 /* APIKey.swift */; };
		0966B1642CE7344400C38430 /* APIService.swift in Sources */ = {isa = PBXBuildFile; fileRef = 09F38CB62CBFC20600F824D7 /* APIService.swift */; };
		0966B1652CE7344600C38430 /* SolarDateXMLParser.swift in Sources */ = {isa = PBXBuildFile; fileRef = 09F38CB42CBFBF3500F824D7 /* SolarDateXMLParser.swift */; };
		0966B1662CE7344800C38430 /* SolarDataItem.swift in Sources */ = {isa = PBXBuildFile; fileRef = 09F38CB22CBFBF2700F824D7 /* SolarDataItem.swift */; };
		0966B16A2CE7393B00C38430 /* DateFormatterManager.swift in Sources */ = {isa = PBXBuildFile; fileRef = 09F38C992CBE3EC400F824D7 /* DateFormatterManager.swift */; };
		0966B16B2CE9CE5500C38430 /* ImageDocumentManager.swift in Sources */ = {isa = PBXBuildFile; fileRef = 095B58EA2CD35E3F00EC3531 /* ImageDocumentManager.swift */; };
		0966B1712CE9F82B00C38430 /* DDayViewModel.swift in Sources */ = {isa = PBXBuildFile; fileRef = 0966B1702CE9F82B00C38430 /* DDayViewModel.swift */; };
		0966B1762CEF5E9300C38430 /* DDayRepositoryProtocol.swift in Sources */ = {isa = PBXBuildFile; fileRef = 0966B1752CEF5E9300C38430 /* DDayRepositoryProtocol.swift */; };
		0966B1782CEF5E9F00C38430 /* APIServiceProtocol.swift in Sources */ = {isa = PBXBuildFile; fileRef = 0966B1772CEF5E9F00C38430 /* APIServiceProtocol.swift */; };
		0966B1792CEF5F1400C38430 /* DDayRepositoryProtocol.swift in Sources */ = {isa = PBXBuildFile; fileRef = 0966B1752CEF5E9300C38430 /* DDayRepositoryProtocol.swift */; };
		0966B17A2CEF5F1600C38430 /* APIServiceProtocol.swift in Sources */ = {isa = PBXBuildFile; fileRef = 0966B1772CEF5E9F00C38430 /* APIServiceProtocol.swift */; };
		098A2E2A2D1D71C30030DE14 /* InstagramAppID.swift in Sources */ = {isa = PBXBuildFile; fileRef = 098A2E292D1D71C30030DE14 /* InstagramAppID.swift */; };
		098A2E2C2D1D72010030DE14 /* View+Extension.swift in Sources */ = {isa = PBXBuildFile; fileRef = 098A2E2B2D1D72010030DE14 /* View+Extension.swift */; };
		098A2E2E2D1D79E90030DE14 /* ShareDDayImageCardView.swift in Sources */ = {isa = PBXBuildFile; fileRef = 098A2E2D2D1D79E90030DE14 /* ShareDDayImageCardView.swift */; };
		09AF58042D27C4820081A8D0 /* ImageEditorView.swift in Sources */ = {isa = PBXBuildFile; fileRef = 09AF58032D27C4820081A8D0 /* ImageEditorView.swift */; };
		09BC11FF2D00528200B18BA2 /* WidgetKit.framework in Frameworks */ = {isa = PBXBuildFile; fileRef = 0966B13D2CE71A8700C38430 /* WidgetKit.framework */; };
		09BC12002D00528200B18BA2 /* SwiftUI.framework in Frameworks */ = {isa = PBXBuildFile; fileRef = 0966B13F2CE71A8700C38430 /* SwiftUI.framework */; };
		09BC12032D00528200B18BA2 /* DearDayAccessoryWidgetBundle.swift in Sources */ = {isa = PBXBuildFile; fileRef = 09BC12022D00528200B18BA2 /* DearDayAccessoryWidgetBundle.swift */; };
		09BC12052D00528200B18BA2 /* DearDayAccessoryWidget.swift in Sources */ = {isa = PBXBuildFile; fileRef = 09BC12042D00528200B18BA2 /* DearDayAccessoryWidget.swift */; };
		09BC12072D00528400B18BA2 /* Assets.xcassets in Resources */ = {isa = PBXBuildFile; fileRef = 09BC12062D00528400B18BA2 /* Assets.xcassets */; };
		09BC120B2D00528400B18BA2 /* DearDayAccessoryWidgetExtension.appex in Embed Foundation Extensions */ = {isa = PBXBuildFile; fileRef = 09BC11FE2D00528200B18BA2 /* DearDayAccessoryWidgetExtension.appex */; settings = {ATTRIBUTES = (RemoveHeadersOnCopy, ); }; };
		09BC12102D00529200B18BA2 /* Realm in Frameworks */ = {isa = PBXBuildFile; productRef = 09BC120F2D00529200B18BA2 /* Realm */; };
		09BC12122D00529200B18BA2 /* RealmSwift in Frameworks */ = {isa = PBXBuildFile; productRef = 09BC12112D00529200B18BA2 /* RealmSwift */; };
		09BC12142D00548B00B18BA2 /* MainStyleViewModifier.swift in Sources */ = {isa = PBXBuildFile; fileRef = 093160F92CF847E30074CDB7 /* MainStyleViewModifier.swift */; };
		09BC12152D00548D00B18BA2 /* RowStyleViewModifier.swift in Sources */ = {isa = PBXBuildFile; fileRef = 093160F72CF846B90074CDB7 /* RowStyleViewModifier.swift */; };
		09BC12162D00549200B18BA2 /* DateFormatterManager.swift in Sources */ = {isa = PBXBuildFile; fileRef = 09F38C992CBE3EC400F824D7 /* DateFormatterManager.swift */; };
		09BC12172D00549400B18BA2 /* ImageDocumentManager.swift in Sources */ = {isa = PBXBuildFile; fileRef = 095B58EA2CD35E3F00EC3531 /* ImageDocumentManager.swift */; };
		09BC12192D00549B00B18BA2 /* RealmConfiguration.swift in Sources */ = {isa = PBXBuildFile; fileRef = 0966B15D2CE72EA900C38430 /* RealmConfiguration.swift */; };
		09BC121A2D00549C00B18BA2 /* DDayRepository.swift in Sources */ = {isa = PBXBuildFile; fileRef = 095B58E62CD35A0C00EC3531 /* DDayRepository.swift */; };
		09BC121B2D00549F00B18BA2 /* APIKey.swift in Sources */ = {isa = PBXBuildFile; fileRef = 09F38CB02CBFBA7B00F824D7 /* APIKey.swift */; };
		09BC121C2D0054A100B18BA2 /* APIService.swift in Sources */ = {isa = PBXBuildFile; fileRef = 09F38CB62CBFC20600F824D7 /* APIService.swift */; };
		09BC121D2D0054A300B18BA2 /* SolarDataItem.swift in Sources */ = {isa = PBXBuildFile; fileRef = 09F38CB22CBFBF2700F824D7 /* SolarDataItem.swift */; };
		09BC121E2D0054A500B18BA2 /* SolarDateXMLParser.swift in Sources */ = {isa = PBXBuildFile; fileRef = 09F38CB42CBFBF3500F824D7 /* SolarDateXMLParser.swift */; };
		09BC121F2D0054A900B18BA2 /* DDay.swift in Sources */ = {isa = PBXBuildFile; fileRef = 095B58E42CD3556000EC3531 /* DDay.swift */; };
		09BC12202D0054AD00B18BA2 /* DDayRepositoryProtocol.swift in Sources */ = {isa = PBXBuildFile; fileRef = 0966B1752CEF5E9300C38430 /* DDayRepositoryProtocol.swift */; };
		09BC12212D0054B000B18BA2 /* APIServiceProtocol.swift in Sources */ = {isa = PBXBuildFile; fileRef = 0966B1772CEF5E9F00C38430 /* APIServiceProtocol.swift */; };
		09BC12252D04968800B18BA2 /* NetworkMonitor.swift in Sources */ = {isa = PBXBuildFile; fileRef = 09BC12242D04968800B18BA2 /* NetworkMonitor.swift */; };
		09BC12262D04974F00B18BA2 /* NetworkMonitor.swift in Sources */ = {isa = PBXBuildFile; fileRef = 09BC12242D04968800B18BA2 /* NetworkMonitor.swift */; };
		09BC12272D04975000B18BA2 /* NetworkMonitor.swift in Sources */ = {isa = PBXBuildFile; fileRef = 09BC12242D04968800B18BA2 /* NetworkMonitor.swift */; };
		09BC12282D04975000B18BA2 /* NetworkMonitor.swift in Sources */ = {isa = PBXBuildFile; fileRef = 09BC12242D04968800B18BA2 /* NetworkMonitor.swift */; };
		09BC122A2D06FE5F00B18BA2 /* ImagePicker.swift in Sources */ = {isa = PBXBuildFile; fileRef = 09BC12292D06FE5F00B18BA2 /* ImagePicker.swift */; };
		09F38C7C2CBCE7D500F824D7 /* DearDayApp.swift in Sources */ = {isa = PBXBuildFile; fileRef = 09F38C7B2CBCE7D500F824D7 /* DearDayApp.swift */; };
		09F38C7E2CBCE7D500F824D7 /* ContentView.swift in Sources */ = {isa = PBXBuildFile; fileRef = 09F38C7D2CBCE7D500F824D7 /* ContentView.swift */; };
		09F38C802CBCE7D500F824D7 /* Assets.xcassets in Resources */ = {isa = PBXBuildFile; fileRef = 09F38C7F2CBCE7D500F824D7 /* Assets.xcassets */; };
		09F38C832CBCE7D500F824D7 /* Preview Assets.xcassets in Resources */ = {isa = PBXBuildFile; fileRef = 09F38C822CBCE7D500F824D7 /* Preview Assets.xcassets */; };
		09F38C8A2CBCE80900F824D7 /* DDayView.swift in Sources */ = {isa = PBXBuildFile; fileRef = 09F38C892CBCE80900F824D7 /* DDayView.swift */; };
		09F38C8C2CBCEA7F00F824D7 /* DDayCardView.swift in Sources */ = {isa = PBXBuildFile; fileRef = 09F38C8B2CBCEA7F00F824D7 /* DDayCardView.swift */; };
		09F38C8E2CBCEFC000F824D7 /* DDayDetailView.swift in Sources */ = {isa = PBXBuildFile; fileRef = 09F38C8D2CBCEFC000F824D7 /* DDayDetailView.swift */; };
		09F38C9A2CBE3EC400F824D7 /* DateFormatterManager.swift in Sources */ = {isa = PBXBuildFile; fileRef = 09F38C992CBE3EC400F824D7 /* DateFormatterManager.swift */; };
		09F38CA02CBE5FAE00F824D7 /* AnniversaryView.swift in Sources */ = {isa = PBXBuildFile; fileRef = 09F38C9F2CBE5FAE00F824D7 /* AnniversaryView.swift */; };
		09F38CAC2CBFB1C000F824D7 /* DDayImageCardView.swift in Sources */ = {isa = PBXBuildFile; fileRef = 09F38CAB2CBFB1C000F824D7 /* DDayImageCardView.swift */; };
		09F38CAE2CBFB9FF00F824D7 /* .gitignore in Resources */ = {isa = PBXBuildFile; fileRef = 09F38CAD2CBFB9FF00F824D7 /* .gitignore */; };
		09F38CB12CBFBA7B00F824D7 /* APIKey.swift in Sources */ = {isa = PBXBuildFile; fileRef = 09F38CB02CBFBA7B00F824D7 /* APIKey.swift */; };
		09F38CB32CBFBF2700F824D7 /* SolarDataItem.swift in Sources */ = {isa = PBXBuildFile; fileRef = 09F38CB22CBFBF2700F824D7 /* SolarDataItem.swift */; };
		09F38CB52CBFBF3500F824D7 /* SolarDateXMLParser.swift in Sources */ = {isa = PBXBuildFile; fileRef = 09F38CB42CBFBF3500F824D7 /* SolarDateXMLParser.swift */; };
		09F38CB72CBFC20600F824D7 /* APIService.swift in Sources */ = {isa = PBXBuildFile; fileRef = 09F38CB62CBFC20600F824D7 /* APIService.swift */; };
/* End PBXBuildFile section */

/* Begin PBXContainerItemProxy section */
		093160D92CF6E6650074CDB7 /* PBXContainerItemProxy */ = {
			isa = PBXContainerItemProxy;
			containerPortal = 09F38C702CBCE7D500F824D7 /* Project object */;
			proxyType = 1;
			remoteGlobalIDString = 093160CB2CF6E6650074CDB7;
			remoteInfo = DearDayListWidgetExtension;
		};
		0966B1492CE71A8800C38430 /* PBXContainerItemProxy */ = {
			isa = PBXContainerItemProxy;
			containerPortal = 09F38C702CBCE7D500F824D7 /* Project object */;
			proxyType = 1;
			remoteGlobalIDString = 0966B13A2CE71A8700C38430;
			remoteInfo = DearDayWidgetExtension;
		};
		09BC12092D00528400B18BA2 /* PBXContainerItemProxy */ = {
			isa = PBXContainerItemProxy;
			containerPortal = 09F38C702CBCE7D500F824D7 /* Project object */;
			proxyType = 1;
			remoteGlobalIDString = 09BC11FD2D00528200B18BA2;
			remoteInfo = DearDayAccessoryWidgetExtension;
		};
/* End PBXContainerItemProxy section */

/* Begin PBXCopyFilesBuildPhase section */
		0966B14C2CE71A8800C38430 /* Embed Foundation Extensions */ = {
			isa = PBXCopyFilesBuildPhase;
			buildActionMask = 2147483647;
			dstPath = "";
			dstSubfolderSpec = 13;
			files = (
				09BC120B2D00528400B18BA2 /* DearDayAccessoryWidgetExtension.appex in Embed Foundation Extensions */,
				093160DB2CF6E6650074CDB7 /* DearDayListWidgetExtension.appex in Embed Foundation Extensions */,
				0966B14B2CE71A8800C38430 /* DearDayWidgetExtension.appex in Embed Foundation Extensions */,
			);
			name = "Embed Foundation Extensions";
			runOnlyForDeploymentPostprocessing = 0;
		};
/* End PBXCopyFilesBuildPhase section */

/* Begin PBXFileReference section */
		093160CC2CF6E6650074CDB7 /* DearDayListWidgetExtension.appex */ = {isa = PBXFileReference; explicitFileType = "wrapper.app-extension"; includeInIndex = 0; path = DearDayListWidgetExtension.appex; sourceTree = BUILT_PRODUCTS_DIR; };
		093160D02CF6E6650074CDB7 /* DearDayListWidgetBundle.swift */ = {isa = PBXFileReference; lastKnownFileType = sourcecode.swift; path = DearDayListWidgetBundle.swift; sourceTree = "<group>"; };
		093160D22CF6E6650074CDB7 /* DearDayListWidget.swift */ = {isa = PBXFileReference; lastKnownFileType = sourcecode.swift; path = DearDayListWidget.swift; sourceTree = "<group>"; };
		093160D42CF6E6650074CDB7 /* AppIntent.swift */ = {isa = PBXFileReference; lastKnownFileType = sourcecode.swift; path = AppIntent.swift; sourceTree = "<group>"; };
		093160D62CF6E6650074CDB7 /* Assets.xcassets */ = {isa = PBXFileReference; lastKnownFileType = folder.assetcatalog; path = Assets.xcassets; sourceTree = "<group>"; };
		093160D82CF6E6650074CDB7 /* Info.plist */ = {isa = PBXFileReference; lastKnownFileType = text.plist.xml; path = Info.plist; sourceTree = "<group>"; };
		093160E32CF6E68F0074CDB7 /* DearDayListWidgetExtensionRelease.entitlements */ = {isa = PBXFileReference; lastKnownFileType = text.plist.entitlements; path = DearDayListWidgetExtensionRelease.entitlements; sourceTree = "<group>"; };
		093160F02CF6E94A0074CDB7 /* AppIntent.swift */ = {isa = PBXFileReference; lastKnownFileType = sourcecode.swift; path = AppIntent.swift; sourceTree = "<group>"; };
		093160F72CF846B90074CDB7 /* RowStyleViewModifier.swift */ = {isa = PBXFileReference; lastKnownFileType = sourcecode.swift; path = RowStyleViewModifier.swift; sourceTree = "<group>"; };
		093160F92CF847E30074CDB7 /* MainStyleViewModifier.swift */ = {isa = PBXFileReference; lastKnownFileType = sourcecode.swift; path = MainStyleViewModifier.swift; sourceTree = "<group>"; };
		093160FF2CF84DF20074CDB7 /* FormStyleViewModifier.swift */ = {isa = PBXFileReference; lastKnownFileType = sourcecode.swift; path = FormStyleViewModifier.swift; sourceTree = "<group>"; };
		094664222DCA7735004A8105 /* AppGroupID.swift */ = {isa = PBXFileReference; lastKnownFileType = sourcecode.swift; path = AppGroupID.swift; sourceTree = "<group>"; };
		094664282DCA787B004A8105 /* DDayAppGroupStorage.swift */ = {isa = PBXFileReference; lastKnownFileType = sourcecode.swift; path = DDayAppGroupStorage.swift; sourceTree = "<group>"; };
		095B58DA2CD2346600EC3531 /* AddDDayView.swift */ = {isa = PBXFileReference; lastKnownFileType = sourcecode.swift; path = AddDDayView.swift; sourceTree = "<group>"; };
		095B58DC2CD2433C00EC3531 /* SelectDDayTypeAlertView.swift */ = {isa = PBXFileReference; lastKnownFileType = sourcecode.swift; path = SelectDDayTypeAlertView.swift; sourceTree = "<group>"; };
		095B58E42CD3556000EC3531 /* DDay.swift */ = {isa = PBXFileReference; lastKnownFileType = sourcecode.swift; path = DDay.swift; sourceTree = "<group>"; };
		095B58E62CD35A0C00EC3531 /* DDayRepository.swift */ = {isa = PBXFileReference; lastKnownFileType = sourcecode.swift; path = DDayRepository.swift; sourceTree = "<group>"; };
		095B58EA2CD35E3F00EC3531 /* ImageDocumentManager.swift */ = {isa = PBXFileReference; lastKnownFileType = sourcecode.swift; path = ImageDocumentManager.swift; sourceTree = "<group>"; };
		095B58F22CD8AEBB00EC3531 /* EditDDayView.swift */ = {isa = PBXFileReference; lastKnownFileType = sourcecode.swift; path = EditDDayView.swift; sourceTree = "<group>"; };
		095B59042CE2100900EC3531 /* String+Extension.swift */ = {isa = PBXFileReference; lastKnownFileType = sourcecode.swift; path = "String+Extension.swift"; sourceTree = "<group>"; };
		095B59082CE3214E00EC3531 /* NotificationManager.swift */ = {isa = PBXFileReference; lastKnownFileType = sourcecode.swift; path = NotificationManager.swift; sourceTree = "<group>"; };
		0966B13B2CE71A8700C38430 /* DearDayWidgetExtension.appex */ = {isa = PBXFileReference; explicitFileType = "wrapper.app-extension"; includeInIndex = 0; path = DearDayWidgetExtension.appex; sourceTree = BUILT_PRODUCTS_DIR; };
		0966B13D2CE71A8700C38430 /* WidgetKit.framework */ = {isa = PBXFileReference; lastKnownFileType = wrapper.framework; name = WidgetKit.framework; path = System/Library/Frameworks/WidgetKit.framework; sourceTree = SDKROOT; };
		0966B13F2CE71A8700C38430 /* SwiftUI.framework */ = {isa = PBXFileReference; lastKnownFileType = wrapper.framework; name = SwiftUI.framework; path = System/Library/Frameworks/SwiftUI.framework; sourceTree = SDKROOT; };
		0966B1422CE71A8700C38430 /* DearDayWidgetBundle.swift */ = {isa = PBXFileReference; lastKnownFileType = sourcecode.swift; path = DearDayWidgetBundle.swift; sourceTree = "<group>"; };
		0966B1442CE71A8700C38430 /* DearDayWidget.swift */ = {isa = PBXFileReference; lastKnownFileType = sourcecode.swift; path = DearDayWidget.swift; sourceTree = "<group>"; };
		0966B1462CE71A8800C38430 /* Assets.xcassets */ = {isa = PBXFileReference; lastKnownFileType = folder.assetcatalog; path = Assets.xcassets; sourceTree = "<group>"; };
		0966B1482CE71A8800C38430 /* Info.plist */ = {isa = PBXFileReference; lastKnownFileType = text.plist.xml; path = Info.plist; sourceTree = "<group>"; };
		0966B1572CE723C600C38430 /* DearDay.entitlements */ = {isa = PBXFileReference; lastKnownFileType = text.plist.entitlements; path = DearDay.entitlements; sourceTree = "<group>"; };
		0966B1582CE7241200C38430 /* DearDayWidgetExtension.entitlements */ = {isa = PBXFileReference; lastKnownFileType = text.plist.entitlements; path = DearDayWidgetExtension.entitlements; sourceTree = "<group>"; };
		0966B15D2CE72EA900C38430 /* RealmConfiguration.swift */ = {isa = PBXFileReference; lastKnownFileType = sourcecode.swift; path = RealmConfiguration.swift; sourceTree = "<group>"; };
		0966B1702CE9F82B00C38430 /* DDayViewModel.swift */ = {isa = PBXFileReference; lastKnownFileType = sourcecode.swift; path = DDayViewModel.swift; sourceTree = "<group>"; };
		0966B1752CEF5E9300C38430 /* DDayRepositoryProtocol.swift */ = {isa = PBXFileReference; lastKnownFileType = sourcecode.swift; path = DDayRepositoryProtocol.swift; sourceTree = "<group>"; };
		0966B1772CEF5E9F00C38430 /* APIServiceProtocol.swift */ = {isa = PBXFileReference; lastKnownFileType = sourcecode.swift; path = APIServiceProtocol.swift; sourceTree = "<group>"; };
		098A2E292D1D71C30030DE14 /* InstagramAppID.swift */ = {isa = PBXFileReference; lastKnownFileType = sourcecode.swift; path = InstagramAppID.swift; sourceTree = "<group>"; };
		098A2E2B2D1D72010030DE14 /* View+Extension.swift */ = {isa = PBXFileReference; lastKnownFileType = sourcecode.swift; path = "View+Extension.swift"; sourceTree = "<group>"; };
		098A2E2D2D1D79E90030DE14 /* ShareDDayImageCardView.swift */ = {isa = PBXFileReference; lastKnownFileType = sourcecode.swift; path = ShareDDayImageCardView.swift; sourceTree = "<group>"; };
		09AF58032D27C4820081A8D0 /* ImageEditorView.swift */ = {isa = PBXFileReference; lastKnownFileType = sourcecode.swift; path = ImageEditorView.swift; sourceTree = "<group>"; };
		09BC11FE2D00528200B18BA2 /* DearDayAccessoryWidgetExtension.appex */ = {isa = PBXFileReference; explicitFileType = "wrapper.app-extension"; includeInIndex = 0; path = DearDayAccessoryWidgetExtension.appex; sourceTree = BUILT_PRODUCTS_DIR; };
		09BC12022D00528200B18BA2 /* DearDayAccessoryWidgetBundle.swift */ = {isa = PBXFileReference; lastKnownFileType = sourcecode.swift; path = DearDayAccessoryWidgetBundle.swift; sourceTree = "<group>"; };
		09BC12042D00528200B18BA2 /* DearDayAccessoryWidget.swift */ = {isa = PBXFileReference; lastKnownFileType = sourcecode.swift; path = DearDayAccessoryWidget.swift; sourceTree = "<group>"; };
		09BC12062D00528400B18BA2 /* Assets.xcassets */ = {isa = PBXFileReference; lastKnownFileType = folder.assetcatalog; path = Assets.xcassets; sourceTree = "<group>"; };
		09BC12082D00528400B18BA2 /* Info.plist */ = {isa = PBXFileReference; lastKnownFileType = text.plist.xml; path = Info.plist; sourceTree = "<group>"; };
		09BC12132D00529900B18BA2 /* DearDayAccessoryWidgetExtensionRelease.entitlements */ = {isa = PBXFileReference; lastKnownFileType = text.plist.entitlements; path = DearDayAccessoryWidgetExtensionRelease.entitlements; sourceTree = "<group>"; };
		09BC12242D04968800B18BA2 /* NetworkMonitor.swift */ = {isa = PBXFileReference; lastKnownFileType = sourcecode.swift; path = NetworkMonitor.swift; sourceTree = "<group>"; };
		09BC12292D06FE5F00B18BA2 /* ImagePicker.swift */ = {isa = PBXFileReference; lastKnownFileType = sourcecode.swift; path = ImagePicker.swift; sourceTree = "<group>"; };
		09F38C782CBCE7D500F824D7 /* DearDay.app */ = {isa = PBXFileReference; explicitFileType = wrapper.application; includeInIndex = 0; path = DearDay.app; sourceTree = BUILT_PRODUCTS_DIR; };
		09F38C7B2CBCE7D500F824D7 /* DearDayApp.swift */ = {isa = PBXFileReference; lastKnownFileType = sourcecode.swift; path = DearDayApp.swift; sourceTree = "<group>"; };
		09F38C7D2CBCE7D500F824D7 /* ContentView.swift */ = {isa = PBXFileReference; lastKnownFileType = sourcecode.swift; path = ContentView.swift; sourceTree = "<group>"; };
		09F38C7F2CBCE7D500F824D7 /* Assets.xcassets */ = {isa = PBXFileReference; lastKnownFileType = folder.assetcatalog; path = Assets.xcassets; sourceTree = "<group>"; };
		09F38C822CBCE7D500F824D7 /* Preview Assets.xcassets */ = {isa = PBXFileReference; lastKnownFileType = folder.assetcatalog; path = "Preview Assets.xcassets"; sourceTree = "<group>"; };
		09F38C892CBCE80900F824D7 /* DDayView.swift */ = {isa = PBXFileReference; lastKnownFileType = sourcecode.swift; path = DDayView.swift; sourceTree = "<group>"; };
		09F38C8B2CBCEA7F00F824D7 /* DDayCardView.swift */ = {isa = PBXFileReference; lastKnownFileType = sourcecode.swift; path = DDayCardView.swift; sourceTree = "<group>"; };
		09F38C8D2CBCEFC000F824D7 /* DDayDetailView.swift */ = {isa = PBXFileReference; lastKnownFileType = sourcecode.swift; path = DDayDetailView.swift; sourceTree = "<group>"; };
		09F38C992CBE3EC400F824D7 /* DateFormatterManager.swift */ = {isa = PBXFileReference; lastKnownFileType = sourcecode.swift; path = DateFormatterManager.swift; sourceTree = "<group>"; };
		09F38C9F2CBE5FAE00F824D7 /* AnniversaryView.swift */ = {isa = PBXFileReference; lastKnownFileType = sourcecode.swift; path = AnniversaryView.swift; sourceTree = "<group>"; };
		09F38CAB2CBFB1C000F824D7 /* DDayImageCardView.swift */ = {isa = PBXFileReference; lastKnownFileType = sourcecode.swift; path = DDayImageCardView.swift; sourceTree = "<group>"; };
		09F38CAD2CBFB9FF00F824D7 /* .gitignore */ = {isa = PBXFileReference; lastKnownFileType = text; path = .gitignore; sourceTree = "<group>"; };
		09F38CB02CBFBA7B00F824D7 /* APIKey.swift */ = {isa = PBXFileReference; lastKnownFileType = sourcecode.swift; path = APIKey.swift; sourceTree = "<group>"; };
		09F38CB22CBFBF2700F824D7 /* SolarDataItem.swift */ = {isa = PBXFileReference; lastKnownFileType = sourcecode.swift; path = SolarDataItem.swift; sourceTree = "<group>"; };
		09F38CB42CBFBF3500F824D7 /* SolarDateXMLParser.swift */ = {isa = PBXFileReference; lastKnownFileType = sourcecode.swift; path = SolarDateXMLParser.swift; sourceTree = "<group>"; };
		09F38CB62CBFC20600F824D7 /* APIService.swift */ = {isa = PBXFileReference; lastKnownFileType = sourcecode.swift; path = APIService.swift; sourceTree = "<group>"; };
		09F38CB82CBFC65200F824D7 /* Info.plist */ = {isa = PBXFileReference; lastKnownFileType = text.plist; path = Info.plist; sourceTree = "<group>"; };
/* End PBXFileReference section */

/* Begin PBXFrameworksBuildPhase section */
		093160C92CF6E6650074CDB7 /* Frameworks */ = {
			isa = PBXFrameworksBuildPhase;
			buildActionMask = 2147483647;
			files = (
				093160E22CF6E6840074CDB7 /* RealmSwift in Frameworks */,
				093160E02CF6E6840074CDB7 /* Realm in Frameworks */,
				093160CE2CF6E6650074CDB7 /* SwiftUI.framework in Frameworks */,
				093160CD2CF6E6650074CDB7 /* WidgetKit.framework in Frameworks */,
			);
			runOnlyForDeploymentPostprocessing = 0;
		};
		0966B1382CE71A8700C38430 /* Frameworks */ = {
			isa = PBXFrameworksBuildPhase;
			buildActionMask = 2147483647;
			files = (
				0966B1532CE720DE00C38430 /* RealmSwift in Frameworks */,
				0966B1512CE720DE00C38430 /* Realm in Frameworks */,
				0966B1402CE71A8700C38430 /* SwiftUI.framework in Frameworks */,
				0966B13E2CE71A8700C38430 /* WidgetKit.framework in Frameworks */,
			);
			runOnlyForDeploymentPostprocessing = 0;
		};
		09BC11FB2D00528200B18BA2 /* Frameworks */ = {
			isa = PBXFrameworksBuildPhase;
			buildActionMask = 2147483647;
			files = (
				09BC12122D00529200B18BA2 /* RealmSwift in Frameworks */,
				09BC12102D00529200B18BA2 /* Realm in Frameworks */,
				09BC12002D00528200B18BA2 /* SwiftUI.framework in Frameworks */,
				09BC11FF2D00528200B18BA2 /* WidgetKit.framework in Frameworks */,
			);
			runOnlyForDeploymentPostprocessing = 0;
		};
		09F38C752CBCE7D500F824D7 /* Frameworks */ = {
			isa = PBXFrameworksBuildPhase;
			buildActionMask = 2147483647;
			files = (
				095B58E32CD3550000EC3531 /* RealmSwift in Frameworks */,
				095B58E12CD3550000EC3531 /* Realm in Frameworks */,
			);
			runOnlyForDeploymentPostprocessing = 0;
		};
/* End PBXFrameworksBuildPhase section */

/* Begin PBXGroup section */
		093160CF2CF6E6650074CDB7 /* DearDayListWidget */ = {
			isa = PBXGroup;
			children = (
				093160D02CF6E6650074CDB7 /* DearDayListWidgetBundle.swift */,
				093160D22CF6E6650074CDB7 /* DearDayListWidget.swift */,
				093160D42CF6E6650074CDB7 /* AppIntent.swift */,
				093160D62CF6E6650074CDB7 /* Assets.xcassets */,
				093160D82CF6E6650074CDB7 /* Info.plist */,
			);
			path = DearDayListWidget;
			sourceTree = "<group>";
		};
		093160F42CF71B720074CDB7 /* ViewModifier */ = {
			isa = PBXGroup;
			children = (
				093160F92CF847E30074CDB7 /* MainStyleViewModifier.swift */,
				093160F72CF846B90074CDB7 /* RowStyleViewModifier.swift */,
				093160FF2CF84DF20074CDB7 /* FormStyleViewModifier.swift */,
			);
			path = ViewModifier;
			sourceTree = "<group>";
		};
		094664272DCA786D004A8105 /* Storage */ = {
			isa = PBXGroup;
			children = (
				094664282DCA787B004A8105 /* DDayAppGroupStorage.swift */,
			);
			path = Storage;
			sourceTree = "<group>";
		};
		095B58D42CD2159A00EC3531 /* ViewModel */ = {
			isa = PBXGroup;
			children = (
				0966B1702CE9F82B00C38430 /* DDayViewModel.swift */,
			);
			path = ViewModel;
			sourceTree = "<group>";
		};
		095B58D72CD2271900EC3531 /* Protocol */ = {
			isa = PBXGroup;
			children = (
				0966B1752CEF5E9300C38430 /* DDayRepositoryProtocol.swift */,
				0966B1772CEF5E9F00C38430 /* APIServiceProtocol.swift */,
			);
			path = Protocol;
			sourceTree = "<group>";
		};
		095B58DE2CD3544200EC3531 /* Realm */ = {
			isa = PBXGroup;
			children = (
				0966B15D2CE72EA900C38430 /* RealmConfiguration.swift */,
				095B58E62CD35A0C00EC3531 /* DDayRepository.swift */,
			);
			path = Realm;
			sourceTree = "<group>";
		};
		095B59012CE20FE700EC3531 /* Extension */ = {
			isa = PBXGroup;
			children = (
				095B59042CE2100900EC3531 /* String+Extension.swift */,
				098A2E2B2D1D72010030DE14 /* View+Extension.swift */,
			);
			path = Extension;
			sourceTree = "<group>";
		};
		0966B13C2CE71A8700C38430 /* Frameworks */ = {
			isa = PBXGroup;
			children = (
				0966B13D2CE71A8700C38430 /* WidgetKit.framework */,
				0966B13F2CE71A8700C38430 /* SwiftUI.framework */,
			);
			name = Frameworks;
			sourceTree = "<group>";
		};
		0966B1412CE71A8700C38430 /* DearDayWidget */ = {
			isa = PBXGroup;
			children = (
				0966B1422CE71A8700C38430 /* DearDayWidgetBundle.swift */,
				0966B1442CE71A8700C38430 /* DearDayWidget.swift */,
				093160F02CF6E94A0074CDB7 /* AppIntent.swift */,
				0966B1462CE71A8800C38430 /* Assets.xcassets */,
				0966B1482CE71A8800C38430 /* Info.plist */,
			);
			path = DearDayWidget;
			sourceTree = "<group>";
		};
		098A2E282D1D717F0030DE14 /* SharedApp */ = {
			isa = PBXGroup;
			children = (
				098A2E292D1D71C30030DE14 /* InstagramAppID.swift */,
				094664222DCA7735004A8105 /* AppGroupID.swift */,
			);
			path = SharedApp;
			sourceTree = "<group>";
		};
		09BC12012D00528200B18BA2 /* DearDayAccessoryWidget */ = {
			isa = PBXGroup;
			children = (
				09BC12022D00528200B18BA2 /* DearDayAccessoryWidgetBundle.swift */,
				09BC12042D00528200B18BA2 /* DearDayAccessoryWidget.swift */,
				09BC12062D00528400B18BA2 /* Assets.xcassets */,
				09BC12082D00528400B18BA2 /* Info.plist */,
			);
			path = DearDayAccessoryWidget;
			sourceTree = "<group>";
		};
		09F38C6F2CBCE7D500F824D7 = {
			isa = PBXGroup;
			children = (
				09F38CAD2CBFB9FF00F824D7 /* .gitignore */,
				0966B1582CE7241200C38430 /* DearDayWidgetExtension.entitlements */,
				093160E32CF6E68F0074CDB7 /* DearDayListWidgetExtensionRelease.entitlements */,
				09BC12132D00529900B18BA2 /* DearDayAccessoryWidgetExtensionRelease.entitlements */,
				09F38C7A2CBCE7D500F824D7 /* DearDay */,
				0966B1412CE71A8700C38430 /* DearDayWidget */,
				093160CF2CF6E6650074CDB7 /* DearDayListWidget */,
				09BC12012D00528200B18BA2 /* DearDayAccessoryWidget */,
				0966B13C2CE71A8700C38430 /* Frameworks */,
				09F38C792CBCE7D500F824D7 /* Products */,
			);
			sourceTree = "<group>";
		};
		09F38C792CBCE7D500F824D7 /* Products */ = {
			isa = PBXGroup;
			children = (
				09F38C782CBCE7D500F824D7 /* DearDay.app */,
				0966B13B2CE71A8700C38430 /* DearDayWidgetExtension.appex */,
				093160CC2CF6E6650074CDB7 /* DearDayListWidgetExtension.appex */,
				09BC11FE2D00528200B18BA2 /* DearDayAccessoryWidgetExtension.appex */,
			);
			name = Products;
			sourceTree = "<group>";
		};
		09F38C7A2CBCE7D500F824D7 /* DearDay */ = {
			isa = PBXGroup;
			children = (
				0966B1572CE723C600C38430 /* DearDay.entitlements */,
				093160F42CF71B720074CDB7 /* ViewModifier */,
				09F38C982CBE3EB300F824D7 /* Manager */,
				095B58DE2CD3544200EC3531 /* Realm */,
				094664272DCA786D004A8105 /* Storage */,
				098A2E282D1D717F0030DE14 /* SharedApp */,
				09F38CAF2CBFBA6B00F824D7 /* Network */,
				09F38C9C2CBE4C5B00F824D7 /* Model */,
				09F38C9B2CBE4C4400F824D7 /* View */,
				095B58D42CD2159A00EC3531 /* ViewModel */,
				095B58D72CD2271900EC3531 /* Protocol */,
				095B59012CE20FE700EC3531 /* Extension */,
				09F38C7B2CBCE7D500F824D7 /* DearDayApp.swift */,
				09F38C7D2CBCE7D500F824D7 /* ContentView.swift */,
				09F38C7F2CBCE7D500F824D7 /* Assets.xcassets */,
				09F38CB82CBFC65200F824D7 /* Info.plist */,
				09F38C812CBCE7D500F824D7 /* Preview Content */,
			);
			path = DearDay;
			sourceTree = "<group>";
		};
		09F38C812CBCE7D500F824D7 /* Preview Content */ = {
			isa = PBXGroup;
			children = (
				09F38C822CBCE7D500F824D7 /* Preview Assets.xcassets */,
			);
			path = "Preview Content";
			sourceTree = "<group>";
		};
		09F38C982CBE3EB300F824D7 /* Manager */ = {
			isa = PBXGroup;
			children = (
				09F38C992CBE3EC400F824D7 /* DateFormatterManager.swift */,
				095B58EA2CD35E3F00EC3531 /* ImageDocumentManager.swift */,
				095B59082CE3214E00EC3531 /* NotificationManager.swift */,
			);
			path = Manager;
			sourceTree = "<group>";
		};
		09F38C9B2CBE4C4400F824D7 /* View */ = {
			isa = PBXGroup;
			children = (
				09F38C892CBCE80900F824D7 /* DDayView.swift */,
				09F38C8B2CBCEA7F00F824D7 /* DDayCardView.swift */,
				09F38C8D2CBCEFC000F824D7 /* DDayDetailView.swift */,
				09F38CAB2CBFB1C000F824D7 /* DDayImageCardView.swift */,
				098A2E2D2D1D79E90030DE14 /* ShareDDayImageCardView.swift */,
				09F38C9F2CBE5FAE00F824D7 /* AnniversaryView.swift */,
				095B58DC2CD2433C00EC3531 /* SelectDDayTypeAlertView.swift */,
				095B58DA2CD2346600EC3531 /* AddDDayView.swift */,
				095B58F22CD8AEBB00EC3531 /* EditDDayView.swift */,
				09BC12292D06FE5F00B18BA2 /* ImagePicker.swift */,
				09AF58032D27C4820081A8D0 /* ImageEditorView.swift */,
			);
			path = View;
			sourceTree = "<group>";
		};
		09F38C9C2CBE4C5B00F824D7 /* Model */ = {
			isa = PBXGroup;
			children = (
				095B58E42CD3556000EC3531 /* DDay.swift */,
			);
			path = Model;
			sourceTree = "<group>";
		};
		09F38CAF2CBFBA6B00F824D7 /* Network */ = {
			isa = PBXGroup;
			children = (
				09F38CB02CBFBA7B00F824D7 /* APIKey.swift */,
				09F38CB62CBFC20600F824D7 /* APIService.swift */,
				09F38CB22CBFBF2700F824D7 /* SolarDataItem.swift */,
				09F38CB42CBFBF3500F824D7 /* SolarDateXMLParser.swift */,
				09BC12242D04968800B18BA2 /* NetworkMonitor.swift */,
			);
			path = Network;
			sourceTree = "<group>";
		};
/* End PBXGroup section */

/* Begin PBXNativeTarget section */
		093160CB2CF6E6650074CDB7 /* DearDayListWidgetExtension */ = {
			isa = PBXNativeTarget;
			buildConfigurationList = 093160DE2CF6E6660074CDB7 /* Build configuration list for PBXNativeTarget "DearDayListWidgetExtension" */;
			buildPhases = (
				093160C82CF6E6650074CDB7 /* Sources */,
				093160C92CF6E6650074CDB7 /* Frameworks */,
				093160CA2CF6E6650074CDB7 /* Resources */,
			);
			buildRules = (
			);
			dependencies = (
			);
			name = DearDayListWidgetExtension;
			packageProductDependencies = (
				093160DF2CF6E6840074CDB7 /* Realm */,
				093160E12CF6E6840074CDB7 /* RealmSwift */,
			);
			productName = DearDayListWidgetExtension;
			productReference = 093160CC2CF6E6650074CDB7 /* DearDayListWidgetExtension.appex */;
			productType = "com.apple.product-type.app-extension";
		};
		0966B13A2CE71A8700C38430 /* DearDayWidgetExtension */ = {
			isa = PBXNativeTarget;
			buildConfigurationList = 0966B14F2CE71A8800C38430 /* Build configuration list for PBXNativeTarget "DearDayWidgetExtension" */;
			buildPhases = (
				0966B1372CE71A8700C38430 /* Sources */,
				0966B1382CE71A8700C38430 /* Frameworks */,
				0966B1392CE71A8700C38430 /* Resources */,
			);
			buildRules = (
			);
			dependencies = (
			);
			name = DearDayWidgetExtension;
			packageProductDependencies = (
				0966B1502CE720DE00C38430 /* Realm */,
				0966B1522CE720DE00C38430 /* RealmSwift */,
			);
			productName = DearDayWidgetExtension;
			productReference = 0966B13B2CE71A8700C38430 /* DearDayWidgetExtension.appex */;
			productType = "com.apple.product-type.app-extension";
		};
		09BC11FD2D00528200B18BA2 /* DearDayAccessoryWidgetExtension */ = {
			isa = PBXNativeTarget;
			buildConfigurationList = 09BC120C2D00528400B18BA2 /* Build configuration list for PBXNativeTarget "DearDayAccessoryWidgetExtension" */;
			buildPhases = (
				09BC11FA2D00528200B18BA2 /* Sources */,
				09BC11FB2D00528200B18BA2 /* Frameworks */,
				09BC11FC2D00528200B18BA2 /* Resources */,
			);
			buildRules = (
			);
			dependencies = (
			);
			name = DearDayAccessoryWidgetExtension;
			packageProductDependencies = (
				09BC120F2D00529200B18BA2 /* Realm */,
				09BC12112D00529200B18BA2 /* RealmSwift */,
			);
			productName = DearDayAccessoryWidgetExtension;
			productReference = 09BC11FE2D00528200B18BA2 /* DearDayAccessoryWidgetExtension.appex */;
			productType = "com.apple.product-type.app-extension";
		};
		09F38C772CBCE7D500F824D7 /* DearDay */ = {
			isa = PBXNativeTarget;
			buildConfigurationList = 09F38C862CBCE7D500F824D7 /* Build configuration list for PBXNativeTarget "DearDay" */;
			buildPhases = (
				09F38C742CBCE7D500F824D7 /* Sources */,
				09F38C752CBCE7D500F824D7 /* Frameworks */,
				09F38C762CBCE7D500F824D7 /* Resources */,
				0966B14C2CE71A8800C38430 /* Embed Foundation Extensions */,
			);
			buildRules = (
			);
			dependencies = (
				0966B14A2CE71A8800C38430 /* PBXTargetDependency */,
				093160DA2CF6E6650074CDB7 /* PBXTargetDependency */,
				09BC120A2D00528400B18BA2 /* PBXTargetDependency */,
			);
			name = DearDay;
			packageProductDependencies = (
				095B58E02CD3550000EC3531 /* Realm */,
				095B58E22CD3550000EC3531 /* RealmSwift */,
			);
			productName = DearDay;
			productReference = 09F38C782CBCE7D500F824D7 /* DearDay.app */;
			productType = "com.apple.product-type.application";
		};
/* End PBXNativeTarget section */

/* Begin PBXProject section */
		09F38C702CBCE7D500F824D7 /* Project object */ = {
			isa = PBXProject;
			attributes = {
				BuildIndependentTargetsInParallel = 1;
				LastSwiftUpdateCheck = 1510;
				LastUpgradeCheck = 1510;
				TargetAttributes = {
					093160CB2CF6E6650074CDB7 = {
						CreatedOnToolsVersion = 15.1;
					};
					0966B13A2CE71A8700C38430 = {
						CreatedOnToolsVersion = 15.1;
					};
					09BC11FD2D00528200B18BA2 = {
						CreatedOnToolsVersion = 15.1;
					};
					09F38C772CBCE7D500F824D7 = {
						CreatedOnToolsVersion = 15.1;
					};
				};
			};
			buildConfigurationList = 09F38C732CBCE7D500F824D7 /* Build configuration list for PBXProject "DearDay" */;
			compatibilityVersion = "Xcode 14.0";
			developmentRegion = ko;
			hasScannedForEncodings = 0;
			knownRegions = (
				en,
				Base,
				ko,
			);
			mainGroup = 09F38C6F2CBCE7D500F824D7;
			packageReferences = (
				095B58DF2CD3550000EC3531 /* XCRemoteSwiftPackageReference "realm-swift" */,
			);
			productRefGroup = 09F38C792CBCE7D500F824D7 /* Products */;
			projectDirPath = "";
			projectRoot = "";
			targets = (
				09F38C772CBCE7D500F824D7 /* DearDay */,
				0966B13A2CE71A8700C38430 /* DearDayWidgetExtension */,
				093160CB2CF6E6650074CDB7 /* DearDayListWidgetExtension */,
				09BC11FD2D00528200B18BA2 /* DearDayAccessoryWidgetExtension */,
			);
		};
/* End PBXProject section */

/* Begin PBXResourcesBuildPhase section */
		093160CA2CF6E6650074CDB7 /* Resources */ = {
			isa = PBXResourcesBuildPhase;
			buildActionMask = 2147483647;
			files = (
				093160D72CF6E6650074CDB7 /* Assets.xcassets in Resources */,
			);
			runOnlyForDeploymentPostprocessing = 0;
		};
		0966B1392CE71A8700C38430 /* Resources */ = {
			isa = PBXResourcesBuildPhase;
			buildActionMask = 2147483647;
			files = (
				0966B1472CE71A8800C38430 /* Assets.xcassets in Resources */,
			);
			runOnlyForDeploymentPostprocessing = 0;
		};
		09BC11FC2D00528200B18BA2 /* Resources */ = {
			isa = PBXResourcesBuildPhase;
			buildActionMask = 2147483647;
			files = (
				09BC12072D00528400B18BA2 /* Assets.xcassets in Resources */,
			);
			runOnlyForDeploymentPostprocessing = 0;
		};
		09F38C762CBCE7D500F824D7 /* Resources */ = {
			isa = PBXResourcesBuildPhase;
			buildActionMask = 2147483647;
			files = (
				09F38C832CBCE7D500F824D7 /* Preview Assets.xcassets in Resources */,
				09F38CAE2CBFB9FF00F824D7 /* .gitignore in Resources */,
				09F38C802CBCE7D500F824D7 /* Assets.xcassets in Resources */,
			);
			runOnlyForDeploymentPostprocessing = 0;
		};
/* End PBXResourcesBuildPhase section */

/* Begin PBXSourcesBuildPhase section */
		093160C82CF6E6650074CDB7 /* Sources */ = {
			isa = PBXSourcesBuildPhase;
			buildActionMask = 2147483647;
			files = (
				093160E72CF6E7340074CDB7 /* RealmConfiguration.swift in Sources */,
				093160ED2CF6E7410074CDB7 /* DDay.swift in Sources */,
				094664252DCA77BC004A8105 /* AppGroupID.swift in Sources */,
				093160E82CF6E7360074CDB7 /* DDayRepository.swift in Sources */,
				093160FE2CF84C800074CDB7 /* RowStyleViewModifier.swift in Sources */,
				093160EF2CF6E7470074CDB7 /* APIServiceProtocol.swift in Sources */,
				093160D32CF6E6650074CDB7 /* DearDayListWidget.swift in Sources */,
				093160D12CF6E6650074CDB7 /* DearDayListWidgetBundle.swift in Sources */,
				09BC12272D04975000B18BA2 /* NetworkMonitor.swift in Sources */,
				093160FC2CF84C7E0074CDB7 /* MainStyleViewModifier.swift in Sources */,
				093160EE2CF6E7450074CDB7 /* DDayRepositoryProtocol.swift in Sources */,
				093160EC2CF6E73E0074CDB7 /* SolarDateXMLParser.swift in Sources */,
				093160E42CF6E72C0074CDB7 /* DateFormatterManager.swift in Sources */,
				093160EA2CF6E73A0074CDB7 /* APIService.swift in Sources */,
				093160EB2CF6E73C0074CDB7 /* SolarDataItem.swift in Sources */,
				093160E52CF6E72F0074CDB7 /* ImageDocumentManager.swift in Sources */,
				093160E92CF6E7380074CDB7 /* APIKey.swift in Sources */,
				0946642B2DCA78A6004A8105 /* DDayAppGroupStorage.swift in Sources */,
				093160D52CF6E6650074CDB7 /* AppIntent.swift in Sources */,
			);
			runOnlyForDeploymentPostprocessing = 0;
		};
		0966B1372CE71A8700C38430 /* Sources */ = {
			isa = PBXSourcesBuildPhase;
			buildActionMask = 2147483647;
			files = (
				0966B16A2CE7393B00C38430 /* DateFormatterManager.swift in Sources */,
				0966B1652CE7344600C38430 /* SolarDateXMLParser.swift in Sources */,
				094664242DCA77BC004A8105 /* AppGroupID.swift in Sources */,
				093160F12CF6E94A0074CDB7 /* AppIntent.swift in Sources */,
				093160FD2CF84C7F0074CDB7 /* RowStyleViewModifier.swift in Sources */,
				0966B16B2CE9CE5500C38430 /* ImageDocumentManager.swift in Sources */,
				0966B1452CE71A8700C38430 /* DearDayWidget.swift in Sources */,
				09BC12262D04974F00B18BA2 /* NetworkMonitor.swift in Sources */,
				093160FB2CF84C7D0074CDB7 /* MainStyleViewModifier.swift in Sources */,
				0966B1642CE7344400C38430 /* APIService.swift in Sources */,
				0966B1592CE7287E00C38430 /* DDayRepository.swift in Sources */,
				0966B15F2CE72EFA00C38430 /* RealmConfiguration.swift in Sources */,
				0966B17A2CEF5F1600C38430 /* APIServiceProtocol.swift in Sources */,
				0966B1662CE7344800C38430 /* SolarDataItem.swift in Sources */,
				0966B1432CE71A8700C38430 /* DearDayWidgetBundle.swift in Sources */,
				0966B1632CE7344200C38430 /* APIKey.swift in Sources */,
				0966B1552CE7216B00C38430 /* DDay.swift in Sources */,
				0946642A2DCA78A6004A8105 /* DDayAppGroupStorage.swift in Sources */,
				0966B1792CEF5F1400C38430 /* DDayRepositoryProtocol.swift in Sources */,
			);
			runOnlyForDeploymentPostprocessing = 0;
		};
		09BC11FA2D00528200B18BA2 /* Sources */ = {
			isa = PBXSourcesBuildPhase;
			buildActionMask = 2147483647;
			files = (
				09BC12212D0054B000B18BA2 /* APIServiceProtocol.swift in Sources */,
				09BC12152D00548D00B18BA2 /* RowStyleViewModifier.swift in Sources */,
				09BC121F2D0054A900B18BA2 /* DDay.swift in Sources */,
				09BC12162D00549200B18BA2 /* DateFormatterManager.swift in Sources */,
				09BC12172D00549400B18BA2 /* ImageDocumentManager.swift in Sources */,
				09BC121C2D0054A100B18BA2 /* APIService.swift in Sources */,
				09BC121B2D00549F00B18BA2 /* APIKey.swift in Sources */,
				09BC12282D04975000B18BA2 /* NetworkMonitor.swift in Sources */,
				09BC12192D00549B00B18BA2 /* RealmConfiguration.swift in Sources */,
				09BC12142D00548B00B18BA2 /* MainStyleViewModifier.swift in Sources */,
				09BC12202D0054AD00B18BA2 /* DDayRepositoryProtocol.swift in Sources */,
				09BC121D2D0054A300B18BA2 /* SolarDataItem.swift in Sources */,
				09BC121E2D0054A500B18BA2 /* SolarDateXMLParser.swift in Sources */,
				0946642C2DCA78A6004A8105 /* DDayAppGroupStorage.swift in Sources */,
				094664262DCA77BC004A8105 /* AppGroupID.swift in Sources */,
				09BC121A2D00549C00B18BA2 /* DDayRepository.swift in Sources */,
				09BC12032D00528200B18BA2 /* DearDayAccessoryWidgetBundle.swift in Sources */,
				09BC12052D00528200B18BA2 /* DearDayAccessoryWidget.swift in Sources */,
			);
			runOnlyForDeploymentPostprocessing = 0;
		};
		09F38C742CBCE7D500F824D7 /* Sources */ = {
			isa = PBXSourcesBuildPhase;
			buildActionMask = 2147483647;
			files = (
				095B58F32CD8AEBB00EC3531 /* EditDDayView.swift in Sources */,
				0966B15E2CE72EA900C38430 /* RealmConfiguration.swift in Sources */,
				098A2E2E2D1D79E90030DE14 /* ShareDDayImageCardView.swift in Sources */,
				093160FA2CF847E30074CDB7 /* MainStyleViewModifier.swift in Sources */,
				095B58E72CD35A0C00EC3531 /* DDayRepository.swift in Sources */,
				09F38C8E2CBCEFC000F824D7 /* DDayDetailView.swift in Sources */,
				093161002CF84DF20074CDB7 /* FormStyleViewModifier.swift in Sources */,
				09F38C8C2CBCEA7F00F824D7 /* DDayCardView.swift in Sources */,
				093160F82CF846B90074CDB7 /* RowStyleViewModifier.swift in Sources */,
				095B58DB2CD2346600EC3531 /* AddDDayView.swift in Sources */,
				09F38C7E2CBCE7D500F824D7 /* ContentView.swift in Sources */,
				0966B1782CEF5E9F00C38430 /* APIServiceProtocol.swift in Sources */,
				09F38CB52CBFBF3500F824D7 /* SolarDateXMLParser.swift in Sources */,
				098A2E2A2D1D71C30030DE14 /* InstagramAppID.swift in Sources */,
				095B59052CE2100900EC3531 /* String+Extension.swift in Sources */,
				09BC12252D04968800B18BA2 /* NetworkMonitor.swift in Sources */,
				095B58DD2CD2433C00EC3531 /* SelectDDayTypeAlertView.swift in Sources */,
				09F38CB12CBFBA7B00F824D7 /* APIKey.swift in Sources */,
				098A2E2C2D1D72010030DE14 /* View+Extension.swift in Sources */,
				094664292DCA787B004A8105 /* DDayAppGroupStorage.swift in Sources */,
				095B59092CE3214E00EC3531 /* NotificationManager.swift in Sources */,
				09F38C7C2CBCE7D500F824D7 /* DearDayApp.swift in Sources */,
				095B58E52CD3556000EC3531 /* DDay.swift in Sources */,
				09F38CA02CBE5FAE00F824D7 /* AnniversaryView.swift in Sources */,
				09F38CB32CBFBF2700F824D7 /* SolarDataItem.swift in Sources */,
				09F38CB72CBFC20600F824D7 /* APIService.swift in Sources */,
				0966B1712CE9F82B00C38430 /* DDayViewModel.swift in Sources */,
				09F38C9A2CBE3EC400F824D7 /* DateFormatterManager.swift in Sources */,
				09AF58042D27C4820081A8D0 /* ImageEditorView.swift in Sources */,
				09F38C8A2CBCE80900F824D7 /* DDayView.swift in Sources */,
				09F38CAC2CBFB1C000F824D7 /* DDayImageCardView.swift in Sources */,
				094664232DCA7735004A8105 /* AppGroupID.swift in Sources */,
				09BC122A2D06FE5F00B18BA2 /* ImagePicker.swift in Sources */,
				095B58EB2CD35E3F00EC3531 /* ImageDocumentManager.swift in Sources */,
				0966B1762CEF5E9300C38430 /* DDayRepositoryProtocol.swift in Sources */,
			);
			runOnlyForDeploymentPostprocessing = 0;
		};
/* End PBXSourcesBuildPhase section */

/* Begin PBXTargetDependency section */
		093160DA2CF6E6650074CDB7 /* PBXTargetDependency */ = {
			isa = PBXTargetDependency;
			target = 093160CB2CF6E6650074CDB7 /* DearDayListWidgetExtension */;
			targetProxy = 093160D92CF6E6650074CDB7 /* PBXContainerItemProxy */;
		};
		0966B14A2CE71A8800C38430 /* PBXTargetDependency */ = {
			isa = PBXTargetDependency;
			target = 0966B13A2CE71A8700C38430 /* DearDayWidgetExtension */;
			targetProxy = 0966B1492CE71A8800C38430 /* PBXContainerItemProxy */;
		};
		09BC120A2D00528400B18BA2 /* PBXTargetDependency */ = {
			isa = PBXTargetDependency;
			target = 09BC11FD2D00528200B18BA2 /* DearDayAccessoryWidgetExtension */;
			targetProxy = 09BC12092D00528400B18BA2 /* PBXContainerItemProxy */;
		};
/* End PBXTargetDependency section */

/* Begin XCBuildConfiguration section */
		093160DC2CF6E6660074CDB7 /* Debug */ = {
			isa = XCBuildConfiguration;
			buildSettings = {
				ASSETCATALOG_COMPILER_GLOBAL_ACCENT_COLOR_NAME = AccentColor;
				ASSETCATALOG_COMPILER_WIDGET_BACKGROUND_COLOR_NAME = WidgetBackground;
				CODE_SIGN_ENTITLEMENTS = DearDayListWidgetExtensionRelease.entitlements;
				CODE_SIGN_STYLE = Automatic;
				CURRENT_PROJECT_VERSION = 1;
				DEVELOPMENT_TEAM = NLBNZ4T579;
				GENERATE_INFOPLIST_FILE = YES;
				INFOPLIST_FILE = DearDayListWidget/Info.plist;
				INFOPLIST_KEY_CFBundleDisplayName = DearDayListWidget;
				INFOPLIST_KEY_NSHumanReadableCopyright = "";
				IPHONEOS_DEPLOYMENT_TARGET = 17.0;
				LD_RUNPATH_SEARCH_PATHS = (
					"$(inherited)",
					"@executable_path/Frameworks",
					"@executable_path/../../Frameworks",
				);
				MARKETING_VERSION = 1.0;
				PRODUCT_BUNDLE_IDENTIFIER = com.j.DearDay.DearDayListWidget;
				PRODUCT_NAME = "$(TARGET_NAME)";
				SKIP_INSTALL = YES;
				SUPPORTED_PLATFORMS = "iphoneos iphonesimulator";
				SUPPORTS_MACCATALYST = NO;
				SUPPORTS_MAC_DESIGNED_FOR_IPHONE_IPAD = NO;
				SWIFT_EMIT_LOC_STRINGS = YES;
				SWIFT_VERSION = 5.0;
				TARGETED_DEVICE_FAMILY = 1;
			};
			name = Debug;
		};
		093160DD2CF6E6660074CDB7 /* Release */ = {
			isa = XCBuildConfiguration;
			buildSettings = {
				ASSETCATALOG_COMPILER_GLOBAL_ACCENT_COLOR_NAME = AccentColor;
				ASSETCATALOG_COMPILER_WIDGET_BACKGROUND_COLOR_NAME = WidgetBackground;
				CODE_SIGN_ENTITLEMENTS = DearDayListWidgetExtensionRelease.entitlements;
				CODE_SIGN_STYLE = Automatic;
				CURRENT_PROJECT_VERSION = 1;
				DEVELOPMENT_TEAM = NLBNZ4T579;
				GENERATE_INFOPLIST_FILE = YES;
				INFOPLIST_FILE = DearDayListWidget/Info.plist;
				INFOPLIST_KEY_CFBundleDisplayName = DearDayListWidget;
				INFOPLIST_KEY_NSHumanReadableCopyright = "";
				IPHONEOS_DEPLOYMENT_TARGET = 17.0;
				LD_RUNPATH_SEARCH_PATHS = (
					"$(inherited)",
					"@executable_path/Frameworks",
					"@executable_path/../../Frameworks",
				);
				MARKETING_VERSION = 1.0;
				PRODUCT_BUNDLE_IDENTIFIER = com.j.DearDay.DearDayListWidget;
				PRODUCT_NAME = "$(TARGET_NAME)";
				SKIP_INSTALL = YES;
				SUPPORTED_PLATFORMS = "iphoneos iphonesimulator";
				SUPPORTS_MACCATALYST = NO;
				SUPPORTS_MAC_DESIGNED_FOR_IPHONE_IPAD = NO;
				SWIFT_EMIT_LOC_STRINGS = YES;
				SWIFT_VERSION = 5.0;
				TARGETED_DEVICE_FAMILY = 1;
			};
			name = Release;
		};
		0966B14D2CE71A8800C38430 /* Debug */ = {
			isa = XCBuildConfiguration;
			buildSettings = {
				ASSETCATALOG_COMPILER_GLOBAL_ACCENT_COLOR_NAME = AccentColor;
				ASSETCATALOG_COMPILER_WIDGET_BACKGROUND_COLOR_NAME = WidgetBackground;
				CODE_SIGN_ENTITLEMENTS = DearDayWidgetExtension.entitlements;
				CODE_SIGN_STYLE = Automatic;
				CURRENT_PROJECT_VERSION = 1;
				DEVELOPMENT_TEAM = NLBNZ4T579;
				GENERATE_INFOPLIST_FILE = YES;
				INFOPLIST_FILE = DearDayWidget/Info.plist;
				INFOPLIST_KEY_CFBundleDisplayName = DearDayWidget;
				INFOPLIST_KEY_NSHumanReadableCopyright = "";
				IPHONEOS_DEPLOYMENT_TARGET = 17.0;
				LD_RUNPATH_SEARCH_PATHS = (
					"$(inherited)",
					"@executable_path/Frameworks",
					"@executable_path/../../Frameworks",
				);
				MARKETING_VERSION = 1.1;
				PRODUCT_BUNDLE_IDENTIFIER = com.j.DearDay.DearDayWidget;
				PRODUCT_NAME = "$(TARGET_NAME)";
				SKIP_INSTALL = YES;
				SUPPORTED_PLATFORMS = "iphoneos iphonesimulator";
				SUPPORTS_MACCATALYST = NO;
				SUPPORTS_MAC_DESIGNED_FOR_IPHONE_IPAD = NO;
				SWIFT_EMIT_LOC_STRINGS = YES;
				SWIFT_VERSION = 5.0;
				TARGETED_DEVICE_FAMILY = 1;
			};
			name = Debug;
		};
		0966B14E2CE71A8800C38430 /* Release */ = {
			isa = XCBuildConfiguration;
			buildSettings = {
				ASSETCATALOG_COMPILER_GLOBAL_ACCENT_COLOR_NAME = AccentColor;
				ASSETCATALOG_COMPILER_WIDGET_BACKGROUND_COLOR_NAME = WidgetBackground;
				CODE_SIGN_ENTITLEMENTS = DearDayWidgetExtension.entitlements;
				CODE_SIGN_STYLE = Automatic;
				CURRENT_PROJECT_VERSION = 1;
				DEVELOPMENT_TEAM = NLBNZ4T579;
				GENERATE_INFOPLIST_FILE = YES;
				INFOPLIST_FILE = DearDayWidget/Info.plist;
				INFOPLIST_KEY_CFBundleDisplayName = DearDayWidget;
				INFOPLIST_KEY_NSHumanReadableCopyright = "";
				IPHONEOS_DEPLOYMENT_TARGET = 17.0;
				LD_RUNPATH_SEARCH_PATHS = (
					"$(inherited)",
					"@executable_path/Frameworks",
					"@executable_path/../../Frameworks",
				);
				MARKETING_VERSION = 1.1;
				PRODUCT_BUNDLE_IDENTIFIER = com.j.DearDay.DearDayWidget;
				PRODUCT_NAME = "$(TARGET_NAME)";
				SKIP_INSTALL = YES;
				SUPPORTED_PLATFORMS = "iphoneos iphonesimulator";
				SUPPORTS_MACCATALYST = NO;
				SUPPORTS_MAC_DESIGNED_FOR_IPHONE_IPAD = NO;
				SWIFT_EMIT_LOC_STRINGS = YES;
				SWIFT_VERSION = 5.0;
				TARGETED_DEVICE_FAMILY = 1;
			};
			name = Release;
		};
		09BC120D2D00528400B18BA2 /* Debug */ = {
			isa = XCBuildConfiguration;
			buildSettings = {
				ASSETCATALOG_COMPILER_GLOBAL_ACCENT_COLOR_NAME = AccentColor;
				ASSETCATALOG_COMPILER_WIDGET_BACKGROUND_COLOR_NAME = WidgetBackground;
				CODE_SIGN_ENTITLEMENTS = DearDayAccessoryWidgetExtensionRelease.entitlements;
				CODE_SIGN_STYLE = Automatic;
				CURRENT_PROJECT_VERSION = 1;
				DEVELOPMENT_TEAM = NLBNZ4T579;
				GENERATE_INFOPLIST_FILE = YES;
				INFOPLIST_FILE = DearDayAccessoryWidget/Info.plist;
				INFOPLIST_KEY_CFBundleDisplayName = DearDayAccessoryWidget;
				INFOPLIST_KEY_NSHumanReadableCopyright = "";
				IPHONEOS_DEPLOYMENT_TARGET = 17.0;
				LD_RUNPATH_SEARCH_PATHS = (
					"$(inherited)",
					"@executable_path/Frameworks",
					"@executable_path/../../Frameworks",
				);
				MARKETING_VERSION = 1.0;
				PRODUCT_BUNDLE_IDENTIFIER = com.j.DearDay.DearDayAccessoryWidget;
				PRODUCT_NAME = "$(TARGET_NAME)";
				SKIP_INSTALL = YES;
				SUPPORTED_PLATFORMS = "iphoneos iphonesimulator";
				SUPPORTS_MACCATALYST = NO;
				SUPPORTS_MAC_DESIGNED_FOR_IPHONE_IPAD = NO;
				SWIFT_EMIT_LOC_STRINGS = YES;
				SWIFT_VERSION = 5.0;
				TARGETED_DEVICE_FAMILY = 1;
			};
			name = Debug;
		};
		09BC120E2D00528400B18BA2 /* Release */ = {
			isa = XCBuildConfiguration;
			buildSettings = {
				ASSETCATALOG_COMPILER_GLOBAL_ACCENT_COLOR_NAME = AccentColor;
				ASSETCATALOG_COMPILER_WIDGET_BACKGROUND_COLOR_NAME = WidgetBackground;
				CODE_SIGN_ENTITLEMENTS = DearDayAccessoryWidgetExtensionRelease.entitlements;
				CODE_SIGN_STYLE = Automatic;
				CURRENT_PROJECT_VERSION = 1;
				DEVELOPMENT_TEAM = NLBNZ4T579;
				GENERATE_INFOPLIST_FILE = YES;
				INFOPLIST_FILE = DearDayAccessoryWidget/Info.plist;
				INFOPLIST_KEY_CFBundleDisplayName = DearDayAccessoryWidget;
				INFOPLIST_KEY_NSHumanReadableCopyright = "";
				IPHONEOS_DEPLOYMENT_TARGET = 17.0;
				LD_RUNPATH_SEARCH_PATHS = (
					"$(inherited)",
					"@executable_path/Frameworks",
					"@executable_path/../../Frameworks",
				);
				MARKETING_VERSION = 1.0;
				PRODUCT_BUNDLE_IDENTIFIER = com.j.DearDay.DearDayAccessoryWidget;
				PRODUCT_NAME = "$(TARGET_NAME)";
				SKIP_INSTALL = YES;
				SUPPORTED_PLATFORMS = "iphoneos iphonesimulator";
				SUPPORTS_MACCATALYST = NO;
				SUPPORTS_MAC_DESIGNED_FOR_IPHONE_IPAD = NO;
				SWIFT_EMIT_LOC_STRINGS = YES;
				SWIFT_VERSION = 5.0;
				TARGETED_DEVICE_FAMILY = 1;
			};
			name = Release;
		};
		09F38C842CBCE7D500F824D7 /* Debug */ = {
			isa = XCBuildConfiguration;
			buildSettings = {
				ALWAYS_SEARCH_USER_PATHS = NO;
				ASSETCATALOG_COMPILER_GENERATE_SWIFT_ASSET_SYMBOL_EXTENSIONS = YES;
				CLANG_ANALYZER_NONNULL = YES;
				CLANG_ANALYZER_NUMBER_OBJECT_CONVERSION = YES_AGGRESSIVE;
				CLANG_CXX_LANGUAGE_STANDARD = "gnu++20";
				CLANG_ENABLE_MODULES = YES;
				CLANG_ENABLE_OBJC_ARC = YES;
				CLANG_ENABLE_OBJC_WEAK = YES;
				CLANG_WARN_BLOCK_CAPTURE_AUTORELEASING = YES;
				CLANG_WARN_BOOL_CONVERSION = YES;
				CLANG_WARN_COMMA = YES;
				CLANG_WARN_CONSTANT_CONVERSION = YES;
				CLANG_WARN_DEPRECATED_OBJC_IMPLEMENTATIONS = YES;
				CLANG_WARN_DIRECT_OBJC_ISA_USAGE = YES_ERROR;
				CLANG_WARN_DOCUMENTATION_COMMENTS = YES;
				CLANG_WARN_EMPTY_BODY = YES;
				CLANG_WARN_ENUM_CONVERSION = YES;
				CLANG_WARN_INFINITE_RECURSION = YES;
				CLANG_WARN_INT_CONVERSION = YES;
				CLANG_WARN_NON_LITERAL_NULL_CONVERSION = YES;
				CLANG_WARN_OBJC_IMPLICIT_RETAIN_SELF = YES;
				CLANG_WARN_OBJC_LITERAL_CONVERSION = YES;
				CLANG_WARN_OBJC_ROOT_CLASS = YES_ERROR;
				CLANG_WARN_QUOTED_INCLUDE_IN_FRAMEWORK_HEADER = YES;
				CLANG_WARN_RANGE_LOOP_ANALYSIS = YES;
				CLANG_WARN_STRICT_PROTOTYPES = YES;
				CLANG_WARN_SUSPICIOUS_MOVE = YES;
				CLANG_WARN_UNGUARDED_AVAILABILITY = YES_AGGRESSIVE;
				CLANG_WARN_UNREACHABLE_CODE = YES;
				CLANG_WARN__DUPLICATE_METHOD_MATCH = YES;
				COPY_PHASE_STRIP = NO;
				DEBUG_INFORMATION_FORMAT = dwarf;
				ENABLE_STRICT_OBJC_MSGSEND = YES;
				ENABLE_TESTABILITY = YES;
				ENABLE_USER_SCRIPT_SANDBOXING = YES;
				GCC_C_LANGUAGE_STANDARD = gnu17;
				GCC_DYNAMIC_NO_PIC = NO;
				GCC_NO_COMMON_BLOCKS = YES;
				GCC_OPTIMIZATION_LEVEL = 0;
				GCC_PREPROCESSOR_DEFINITIONS = (
					"DEBUG=1",
					"$(inherited)",
				);
				GCC_WARN_64_TO_32_BIT_CONVERSION = YES;
				GCC_WARN_ABOUT_RETURN_TYPE = YES_ERROR;
				GCC_WARN_UNDECLARED_SELECTOR = YES;
				GCC_WARN_UNINITIALIZED_AUTOS = YES_AGGRESSIVE;
				GCC_WARN_UNUSED_FUNCTION = YES;
				GCC_WARN_UNUSED_VARIABLE = YES;
				IPHONEOS_DEPLOYMENT_TARGET = 16.0;
				LOCALIZATION_PREFERS_STRING_CATALOGS = YES;
				MTL_ENABLE_DEBUG_INFO = INCLUDE_SOURCE;
				MTL_FAST_MATH = YES;
				ONLY_ACTIVE_ARCH = YES;
				SDKROOT = iphoneos;
				SWIFT_ACTIVE_COMPILATION_CONDITIONS = "DEBUG $(inherited)";
				SWIFT_OPTIMIZATION_LEVEL = "-Onone";
			};
			name = Debug;
		};
		09F38C852CBCE7D500F824D7 /* Release */ = {
			isa = XCBuildConfiguration;
			buildSettings = {
				ALWAYS_SEARCH_USER_PATHS = NO;
				ASSETCATALOG_COMPILER_GENERATE_SWIFT_ASSET_SYMBOL_EXTENSIONS = YES;
				CLANG_ANALYZER_NONNULL = YES;
				CLANG_ANALYZER_NUMBER_OBJECT_CONVERSION = YES_AGGRESSIVE;
				CLANG_CXX_LANGUAGE_STANDARD = "gnu++20";
				CLANG_ENABLE_MODULES = YES;
				CLANG_ENABLE_OBJC_ARC = YES;
				CLANG_ENABLE_OBJC_WEAK = YES;
				CLANG_WARN_BLOCK_CAPTURE_AUTORELEASING = YES;
				CLANG_WARN_BOOL_CONVERSION = YES;
				CLANG_WARN_COMMA = YES;
				CLANG_WARN_CONSTANT_CONVERSION = YES;
				CLANG_WARN_DEPRECATED_OBJC_IMPLEMENTATIONS = YES;
				CLANG_WARN_DIRECT_OBJC_ISA_USAGE = YES_ERROR;
				CLANG_WARN_DOCUMENTATION_COMMENTS = YES;
				CLANG_WARN_EMPTY_BODY = YES;
				CLANG_WARN_ENUM_CONVERSION = YES;
				CLANG_WARN_INFINITE_RECURSION = YES;
				CLANG_WARN_INT_CONVERSION = YES;
				CLANG_WARN_NON_LITERAL_NULL_CONVERSION = YES;
				CLANG_WARN_OBJC_IMPLICIT_RETAIN_SELF = YES;
				CLANG_WARN_OBJC_LITERAL_CONVERSION = YES;
				CLANG_WARN_OBJC_ROOT_CLASS = YES_ERROR;
				CLANG_WARN_QUOTED_INCLUDE_IN_FRAMEWORK_HEADER = YES;
				CLANG_WARN_RANGE_LOOP_ANALYSIS = YES;
				CLANG_WARN_STRICT_PROTOTYPES = YES;
				CLANG_WARN_SUSPICIOUS_MOVE = YES;
				CLANG_WARN_UNGUARDED_AVAILABILITY = YES_AGGRESSIVE;
				CLANG_WARN_UNREACHABLE_CODE = YES;
				CLANG_WARN__DUPLICATE_METHOD_MATCH = YES;
				COPY_PHASE_STRIP = NO;
				DEBUG_INFORMATION_FORMAT = "dwarf-with-dsym";
				ENABLE_NS_ASSERTIONS = NO;
				ENABLE_STRICT_OBJC_MSGSEND = YES;
				ENABLE_USER_SCRIPT_SANDBOXING = YES;
				GCC_C_LANGUAGE_STANDARD = gnu17;
				GCC_NO_COMMON_BLOCKS = YES;
				GCC_WARN_64_TO_32_BIT_CONVERSION = YES;
				GCC_WARN_ABOUT_RETURN_TYPE = YES_ERROR;
				GCC_WARN_UNDECLARED_SELECTOR = YES;
				GCC_WARN_UNINITIALIZED_AUTOS = YES_AGGRESSIVE;
				GCC_WARN_UNUSED_FUNCTION = YES;
				GCC_WARN_UNUSED_VARIABLE = YES;
				IPHONEOS_DEPLOYMENT_TARGET = 16.0;
				LOCALIZATION_PREFERS_STRING_CATALOGS = YES;
				MTL_ENABLE_DEBUG_INFO = NO;
				MTL_FAST_MATH = YES;
				SDKROOT = iphoneos;
				SWIFT_COMPILATION_MODE = wholemodule;
				VALIDATE_PRODUCT = YES;
			};
			name = Release;
		};
		09F38C872CBCE7D500F824D7 /* Debug */ = {
			isa = XCBuildConfiguration;
			buildSettings = {
				ALWAYS_EMBED_SWIFT_STANDARD_LIBRARIES = YES;
				ASSETCATALOG_COMPILER_APPICON_NAME = AppIcon;
				ASSETCATALOG_COMPILER_GLOBAL_ACCENT_COLOR_NAME = AccentColor;
				CODE_SIGN_ENTITLEMENTS = DearDay/DearDay.entitlements;
				CODE_SIGN_STYLE = Automatic;
				CURRENT_PROJECT_VERSION = 1;
				DEVELOPMENT_ASSET_PATHS = "\"DearDay/Preview Content\"";
				DEVELOPMENT_TEAM = NLBNZ4T579;
				ENABLE_PREVIEWS = YES;
				GENERATE_INFOPLIST_FILE = YES;
				INFOPLIST_FILE = DearDay/Info.plist;
				INFOPLIST_KEY_CFBundleDisplayName = "Dear Day";
				INFOPLIST_KEY_UIApplicationSceneManifest_Generation = YES;
				INFOPLIST_KEY_UIApplicationSupportsIndirectInputEvents = YES;
				INFOPLIST_KEY_UILaunchScreen_Generation = YES;
				INFOPLIST_KEY_UISupportedInterfaceOrientations = UIInterfaceOrientationPortrait;
				INFOPLIST_KEY_UISupportedInterfaceOrientations_iPad = "UIInterfaceOrientationLandscapeLeft UIInterfaceOrientationLandscapeRight UIInterfaceOrientationPortrait UIInterfaceOrientationPortraitUpsideDown";
				IPHONEOS_DEPLOYMENT_TARGET = 16.0;
				LD_RUNPATH_SEARCH_PATHS = (
					"$(inherited)",
					"@executable_path/Frameworks",
				);
				MARKETING_VERSION = 1.2.2;
				PRODUCT_BUNDLE_IDENTIFIER = com.j.DearDay;
				PRODUCT_NAME = "$(TARGET_NAME)";
				SUPPORTED_PLATFORMS = "iphoneos iphonesimulator";
				SUPPORTS_MACCATALYST = NO;
				SUPPORTS_MAC_DESIGNED_FOR_IPHONE_IPAD = NO;
				SWIFT_EMIT_LOC_STRINGS = YES;
				SWIFT_VERSION = 5.0;
				TARGETED_DEVICE_FAMILY = 1;
			};
			name = Debug;
		};
		09F38C882CBCE7D500F824D7 /* Release */ = {
			isa = XCBuildConfiguration;
			buildSettings = {
				ALWAYS_EMBED_SWIFT_STANDARD_LIBRARIES = YES;
				ASSETCATALOG_COMPILER_APPICON_NAME = AppIcon;
				ASSETCATALOG_COMPILER_GLOBAL_ACCENT_COLOR_NAME = AccentColor;
				CODE_SIGN_ENTITLEMENTS = DearDay/DearDay.entitlements;
				CODE_SIGN_STYLE = Automatic;
				CURRENT_PROJECT_VERSION = 1;
				DEVELOPMENT_ASSET_PATHS = "\"DearDay/Preview Content\"";
				DEVELOPMENT_TEAM = NLBNZ4T579;
				ENABLE_PREVIEWS = YES;
				GENERATE_INFOPLIST_FILE = YES;
				INFOPLIST_FILE = DearDay/Info.plist;
				INFOPLIST_KEY_CFBundleDisplayName = "Dear Day";
				INFOPLIST_KEY_UIApplicationSceneManifest_Generation = YES;
				INFOPLIST_KEY_UIApplicationSupportsIndirectInputEvents = YES;
				INFOPLIST_KEY_UILaunchScreen_Generation = YES;
				INFOPLIST_KEY_UISupportedInterfaceOrientations = UIInterfaceOrientationPortrait;
				INFOPLIST_KEY_UISupportedInterfaceOrientations_iPad = "UIInterfaceOrientationLandscapeLeft UIInterfaceOrientationLandscapeRight UIInterfaceOrientationPortrait UIInterfaceOrientationPortraitUpsideDown";
				IPHONEOS_DEPLOYMENT_TARGET = 16.0;
				LD_RUNPATH_SEARCH_PATHS = (
					"$(inherited)",
					"@executable_path/Frameworks",
				);
				MARKETING_VERSION = 1.2.2;
				PRODUCT_BUNDLE_IDENTIFIER = com.j.DearDay;
				PRODUCT_NAME = "$(TARGET_NAME)";
				SUPPORTED_PLATFORMS = "iphoneos iphonesimulator";
				SUPPORTS_MACCATALYST = NO;
				SUPPORTS_MAC_DESIGNED_FOR_IPHONE_IPAD = NO;
				SWIFT_EMIT_LOC_STRINGS = YES;
				SWIFT_VERSION = 5.0;
				TARGETED_DEVICE_FAMILY = 1;
			};
			name = Release;
		};
/* End XCBuildConfiguration section */

/* Begin XCConfigurationList section */
		093160DE2CF6E6660074CDB7 /* Build configuration list for PBXNativeTarget "DearDayListWidgetExtension" */ = {
			isa = XCConfigurationList;
			buildConfigurations = (
				093160DC2CF6E6660074CDB7 /* Debug */,
				093160DD2CF6E6660074CDB7 /* Release */,
			);
			defaultConfigurationIsVisible = 0;
			defaultConfigurationName = Release;
		};
		0966B14F2CE71A8800C38430 /* Build configuration list for PBXNativeTarget "DearDayWidgetExtension" */ = {
			isa = XCConfigurationList;
			buildConfigurations = (
				0966B14D2CE71A8800C38430 /* Debug */,
				0966B14E2CE71A8800C38430 /* Release */,
			);
			defaultConfigurationIsVisible = 0;
			defaultConfigurationName = Release;
		};
		09BC120C2D00528400B18BA2 /* Build configuration list for PBXNativeTarget "DearDayAccessoryWidgetExtension" */ = {
			isa = XCConfigurationList;
			buildConfigurations = (
				09BC120D2D00528400B18BA2 /* Debug */,
				09BC120E2D00528400B18BA2 /* Release */,
			);
			defaultConfigurationIsVisible = 0;
			defaultConfigurationName = Release;
		};
		09F38C732CBCE7D500F824D7 /* Build configuration list for PBXProject "DearDay" */ = {
			isa = XCConfigurationList;
			buildConfigurations = (
				09F38C842CBCE7D500F824D7 /* Debug */,
				09F38C852CBCE7D500F824D7 /* Release */,
			);
			defaultConfigurationIsVisible = 0;
			defaultConfigurationName = Release;
		};
		09F38C862CBCE7D500F824D7 /* Build configuration list for PBXNativeTarget "DearDay" */ = {
			isa = XCConfigurationList;
			buildConfigurations = (
				09F38C872CBCE7D500F824D7 /* Debug */,
				09F38C882CBCE7D500F824D7 /* Release */,
			);
			defaultConfigurationIsVisible = 0;
			defaultConfigurationName = Release;
		};
/* End XCConfigurationList section */

/* Begin XCRemoteSwiftPackageReference section */
		095B58DF2CD3550000EC3531 /* XCRemoteSwiftPackageReference "realm-swift" */ = {
			isa = XCRemoteSwiftPackageReference;
			repositoryURL = "https://github.com/realm/realm-swift.git";
			requirement = {
				kind = exactVersion;
				version = 10.47.0;
			};
		};
/* End XCRemoteSwiftPackageReference section */

/* Begin XCSwiftPackageProductDependency section */
		093160DF2CF6E6840074CDB7 /* Realm */ = {
			isa = XCSwiftPackageProductDependency;
			package = 095B58DF2CD3550000EC3531 /* XCRemoteSwiftPackageReference "realm-swift" */;
			productName = Realm;
		};
		093160E12CF6E6840074CDB7 /* RealmSwift */ = {
			isa = XCSwiftPackageProductDependency;
			package = 095B58DF2CD3550000EC3531 /* XCRemoteSwiftPackageReference "realm-swift" */;
			productName = RealmSwift;
		};
		095B58E02CD3550000EC3531 /* Realm */ = {
			isa = XCSwiftPackageProductDependency;
			package = 095B58DF2CD3550000EC3531 /* XCRemoteSwiftPackageReference "realm-swift" */;
			productName = Realm;
		};
		095B58E22CD3550000EC3531 /* RealmSwift */ = {
			isa = XCSwiftPackageProductDependency;
			package = 095B58DF2CD3550000EC3531 /* XCRemoteSwiftPackageReference "realm-swift" */;
			productName = RealmSwift;
		};
		0966B1502CE720DE00C38430 /* Realm */ = {
			isa = XCSwiftPackageProductDependency;
			package = 095B58DF2CD3550000EC3531 /* XCRemoteSwiftPackageReference "realm-swift" */;
			productName = Realm;
		};
		0966B1522CE720DE00C38430 /* RealmSwift */ = {
			isa = XCSwiftPackageProductDependency;
			package = 095B58DF2CD3550000EC3531 /* XCRemoteSwiftPackageReference "realm-swift" */;
			productName = RealmSwift;
		};
		09BC120F2D00529200B18BA2 /* Realm */ = {
			isa = XCSwiftPackageProductDependency;
			package = 095B58DF2CD3550000EC3531 /* XCRemoteSwiftPackageReference "realm-swift" */;
			productName = Realm;
		};
		09BC12112D00529200B18BA2 /* RealmSwift */ = {
			isa = XCSwiftPackageProductDependency;
			package = 095B58DF2CD3550000EC3531 /* XCRemoteSwiftPackageReference "realm-swift" */;
			productName = RealmSwift;
		};
/* End XCSwiftPackageProductDependency section */
	};
	rootObject = 09F38C702CBCE7D500F824D7 /* Project object */;
}
